// !$*UTF8*$!
{
	archiveVersion = 1;
	classes = {
	};
	objectVersion = 55;
	objects = {

/* Begin PBXBuildFile section */
		182B1845299B4DBB00BE2004 /* ButtonViewController.swift in Sources */ = {isa = PBXBuildFile; fileRef = 182B1844299B4DBA00BE2004 /* ButtonViewController.swift */; };
		182B1847299BB79A00BE2004 /* TextFieldViewController.swift in Sources */ = {isa = PBXBuildFile; fileRef = 182B1846299BB79A00BE2004 /* TextFieldViewController.swift */; };
		187C6251299A484C009DDBE3 /* AppDelegate.swift in Sources */ = {isa = PBXBuildFile; fileRef = 187C6250299A484C009DDBE3 /* AppDelegate.swift */; };
		187C6253299A484C009DDBE3 /* SceneDelegate.swift in Sources */ = {isa = PBXBuildFile; fileRef = 187C6252299A484C009DDBE3 /* SceneDelegate.swift */; };
		187C6255299A484C009DDBE3 /* ViewController.swift in Sources */ = {isa = PBXBuildFile; fileRef = 187C6254299A484C009DDBE3 /* ViewController.swift */; };
		187C6258299A484C009DDBE3 /* Main.storyboard in Resources */ = {isa = PBXBuildFile; fileRef = 187C6256299A484C009DDBE3 /* Main.storyboard */; };
		187C625A299A4850009DDBE3 /* Assets.xcassets in Resources */ = {isa = PBXBuildFile; fileRef = 187C6259299A4850009DDBE3 /* Assets.xcassets */; };
		187C625D299A4850009DDBE3 /* LaunchScreen.storyboard in Resources */ = {isa = PBXBuildFile; fileRef = 187C625B299A4850009DDBE3 /* LaunchScreen.storyboard */; };
		18F808B4299CB45E006BBF18 /* ImageViewController.swift in Sources */ = {isa = PBXBuildFile; fileRef = 18F808B3299CB45E006BBF18 /* ImageViewController.swift */; };
/* End PBXBuildFile section */

/* Begin PBXFileReference section */
		182B1844299B4DBA00BE2004 /* ButtonViewController.swift */ = {isa = PBXFileReference; lastKnownFileType = sourcecode.swift; path = ButtonViewController.swift; sourceTree = "<group>"; };
		182B1846299BB79A00BE2004 /* TextFieldViewController.swift */ = {isa = PBXFileReference; lastKnownFileType = sourcecode.swift; name = TextFieldViewController.swift; path = ../../TextFieldViewController.swift; sourceTree = "<group>"; };
		187C624D299A484C009DDBE3 /* Udemi build ios app.app */ = {isa = PBXFileReference; explicitFileType = wrapper.application; includeInIndex = 0; path = "Udemi build ios app.app"; sourceTree = BUILT_PRODUCTS_DIR; };
		187C6250299A484C009DDBE3 /* AppDelegate.swift */ = {isa = PBXFileReference; lastKnownFileType = sourcecode.swift; path = AppDelegate.swift; sourceTree = "<group>"; };
		187C6252299A484C009DDBE3 /* SceneDelegate.swift */ = {isa = PBXFileReference; lastKnownFileType = sourcecode.swift; path = SceneDelegate.swift; sourceTree = "<group>"; };
		187C6254299A484C009DDBE3 /* ViewController.swift */ = {isa = PBXFileReference; lastKnownFileType = sourcecode.swift; path = ViewController.swift; sourceTree = "<group>"; };
		187C6257299A484C009DDBE3 /* Base */ = {isa = PBXFileReference; lastKnownFileType = file.storyboard; name = Base; path = Base.lproj/Main.storyboard; sourceTree = "<group>"; };
		187C6259299A4850009DDBE3 /* Assets.xcassets */ = {isa = PBXFileReference; lastKnownFileType = folder.assetcatalog; path = Assets.xcassets; sourceTree = "<group>"; };
		187C625C299A4850009DDBE3 /* Base */ = {isa = PBXFileReference; lastKnownFileType = file.storyboard; name = Base; path = Base.lproj/LaunchScreen.storyboard; sourceTree = "<group>"; };
		187C625E299A4850009DDBE3 /* Info.plist */ = {isa = PBXFileReference; lastKnownFileType = text.plist.xml; path = Info.plist; sourceTree = "<group>"; };
		18F808B3299CB45E006BBF18 /* ImageViewController.swift */ = {isa = PBXFileReference; lastKnownFileType = sourcecode.swift; path = ImageViewController.swift; sourceTree = "<group>"; };
/* End PBXFileReference section */

/* Begin PBXFrameworksBuildPhase section */
		187C624A299A484C009DDBE3 /* Frameworks */ = {
			isa = PBXFrameworksBuildPhase;
			buildActionMask = 2147483647;
			files = (
			);
			runOnlyForDeploymentPostprocessing = 0;
		};
/* End PBXFrameworksBuildPhase section */

/* Begin PBXGroup section */
		187C6244299A484C009DDBE3 = {
			isa = PBXGroup;
			children = (
				187C624F299A484C009DDBE3 /* Udemi build ios app */,
				187C624E299A484C009DDBE3 /* Products */,
			);
			sourceTree = "<group>";
		};
		187C624E299A484C009DDBE3 /* Products */ = {
			isa = PBXGroup;
			children = (
				187C624D299A484C009DDBE3 /* Udemi build ios app.app */,
			);
			name = Products;
			sourceTree = "<group>";
		};
		187C624F299A484C009DDBE3 /* Udemi build ios app */ = {
			isa = PBXGroup;
			children = (
				187C6250299A484C009DDBE3 /* AppDelegate.swift */,
				187C6252299A484C009DDBE3 /* SceneDelegate.swift */,
				187C6254299A484C009DDBE3 /* ViewController.swift */,
				187C6256299A484C009DDBE3 /* Main.storyboard */,
				18F808B3299CB45E006BBF18 /* ImageViewController.swift */,
				187C6259299A4850009DDBE3 /* Assets.xcassets */,
				187C625B299A4850009DDBE3 /* LaunchScreen.storyboard */,
				182B1844299B4DBA00BE2004 /* ButtonViewController.swift */,
				182B1846299BB79A00BE2004 /* TextFieldViewController.swift */,
				187C625E299A4850009DDBE3 /* Info.plist */,
			);
			path = "Udemi build ios app";
			sourceTree = "<group>";
		};
/* End PBXGroup section */

/* Begin PBXNativeTarget section */
		187C624C299A484C009DDBE3 /* Udemi build ios app */ = {
			isa = PBXNativeTarget;
			buildConfigurationList = 187C6261299A4850009DDBE3 /* Build configuration list for PBXNativeTarget "Udemi build ios app" */;
			buildPhases = (
				187C6249299A484C009DDBE3 /* Sources */,
				187C624A299A484C009DDBE3 /* Frameworks */,
				187C624B299A484C009DDBE3 /* Resources */,
			);
			buildRules = (
			);
			dependencies = (
			);
			name = "Udemi build ios app";
			productName = "Udemi build ios app";
			productReference = 187C624D299A484C009DDBE3 /* Udemi build ios app.app */;
			productType = "com.apple.product-type.application";
		};
/* End PBXNativeTarget section */

/* Begin PBXProject section */
		187C6245299A484C009DDBE3 /* Project object */ = {
			isa = PBXProject;
			attributes = {
				BuildIndependentTargetsInParallel = 1;
				LastSwiftUpdateCheck = 1330;
				LastUpgradeCheck = 1330;
				TargetAttributes = {
					187C624C299A484C009DDBE3 = {
						CreatedOnToolsVersion = 13.3.1;
					};
				};
			};
			buildConfigurationList = 187C6248299A484C009DDBE3 /* Build configuration list for PBXProject "Udemi build ios app" */;
			compatibilityVersion = "Xcode 13.0";
			developmentRegion = en;
			hasScannedForEncodings = 0;
			knownRegions = (
				en,
				Base,
			);
			mainGroup = 187C6244299A484C009DDBE3;
			productRefGroup = 187C624E299A484C009DDBE3 /* Products */;
			projectDirPath = "";
			projectRoot = "";
			targets = (
				187C624C299A484C009DDBE3 /* Udemi build ios app */,
			);
		};
/* End PBXProject section */

/* Begin PBXResourcesBuildPhase section */
		187C624B299A484C009DDBE3 /* Resources */ = {
			isa = PBXResourcesBuildPhase;
			buildActionMask = 2147483647;
			files = (
				187C625D299A4850009DDBE3 /* LaunchScreen.storyboard in Resources */,
				187C625A299A4850009DDBE3 /* Assets.xcassets in Resources */,
				187C6258299A484C009DDBE3 /* Main.storyboard in Resources */,
			);
			runOnlyForDeploymentPostprocessing = 0;
		};
/* End PBXResourcesBuildPhase section */

/* Begin PBXSourcesBuildPhase section */
		187C6249299A484C009DDBE3 /* Sources */ = {
			isa = PBXSourcesBuildPhase;
			buildActionMask = 2147483647;
			files = (
				182B1847299BB79A00BE2004 /* TextFieldViewController.swift in Sources */,
				182B1845299B4DBB00BE2004 /* ButtonViewController.swift in Sources */,
				187C6255299A484C009DDBE3 /* ViewController.swift in Sources */,
				187C6251299A484C009DDBE3 /* AppDelegate.swift in Sources */,
				18F808B4299CB45E006BBF18 /* ImageViewController.swift in Sources */,
				187C6253299A484C009DDBE3 /* SceneDelegate.swift in Sources */,
			);
			runOnlyForDeploymentPostprocessing = 0;
		};
/* End PBXSourcesBuildPhase section */

/* Begin PBXVariantGroup section */
		187C6256299A484C009DDBE3 /* Main.storyboard */ = {
			isa = PBXVariantGroup;
			children = (
				187C6257299A484C009DDBE3 /* Base */,
			);
			name = Main.storyboard;
			sourceTree = "<group>";
		};
		187C625B299A4850009DDBE3 /* LaunchScreen.storyboard */ = {
			isa = PBXVariantGroup;
			children = (
				187C625C299A4850009DDBE3 /* Base */,
			);
			name = LaunchScreen.storyboard;
			sourceTree = "<group>";
		};
/* End PBXVariantGroup section */

/* Begin XCBuildConfiguration section */
		187C625F299A4850009DDBE3 /* Debug */ = {
			isa = XCBuildConfiguration;
			buildSettings = {
				ALWAYS_SEARCH_USER_PATHS = NO;
				CLANG_ANALYZER_NONNULL = YES;
				CLANG_ANALYZER_NUMBER_OBJECT_CONVERSION = YES_AGGRESSIVE;
				CLANG_CXX_LANGUAGE_STANDARD = "gnu++17";
				CLANG_ENABLE_MODULES = YES;
				CLANG_ENABLE_OBJC_ARC = YES;
				CLANG_ENABLE_OBJC_WEAK = YES;
				CLANG_WARN_BLOCK_CAPTURE_AUTORELEASING = YES;
				CLANG_WARN_BOOL_CONVERSION = YES;
				CLANG_WARN_COMMA = YES;
				CLANG_WARN_CONSTANT_CONVERSION = YES;
				CLANG_WARN_DEPRECATED_OBJC_IMPLEMENTATIONS = YES;
				CLANG_WARN_DIRECT_OBJC_ISA_USAGE = YES_ERROR;
				CLANG_WARN_DOCUMENTATION_COMMENTS = YES;
				CLANG_WARN_EMPTY_BODY = YES;
				CLANG_WARN_ENUM_CONVERSION = YES;
				CLANG_WARN_INFINITE_RECURSION = YES;
				CLANG_WARN_INT_CONVERSION = YES;
				CLANG_WARN_NON_LITERAL_NULL_CONVERSION = YES;
				CLANG_WARN_OBJC_IMPLICIT_RETAIN_SELF = YES;
				CLANG_WARN_OBJC_LITERAL_CONVERSION = YES;
				CLANG_WARN_OBJC_ROOT_CLASS = YES_ERROR;
				CLANG_WARN_QUOTED_INCLUDE_IN_FRAMEWORK_HEADER = YES;
				CLANG_WARN_RANGE_LOOP_ANALYSIS = YES;
				CLANG_WARN_STRICT_PROTOTYPES = YES;
				CLANG_WARN_SUSPICIOUS_MOVE = YES;
				CLANG_WARN_UNGUARDED_AVAILABILITY = YES_AGGRESSIVE;
				CLANG_WARN_UNREACHABLE_CODE = YES;
				CLANG_WARN__DUPLICATE_METHOD_MATCH = YES;
				COPY_PHASE_STRIP = NO;
				DEBUG_INFORMATION_FORMAT = dwarf;
				ENABLE_STRICT_OBJC_MSGSEND = YES;
				ENABLE_TESTABILITY = YES;
				GCC_C_LANGUAGE_STANDARD = gnu11;
				GCC_DYNAMIC_NO_PIC = NO;
				GCC_NO_COMMON_BLOCKS = YES;
				GCC_OPTIMIZATION_LEVEL = 0;
				GCC_PREPROCESSOR_DEFINITIONS = (
					"DEBUG=1",
					"$(inherited)",
				);
				GCC_WARN_64_TO_32_BIT_CONVERSION = YES;
				GCC_WARN_ABOUT_RETURN_TYPE = YES_ERROR;
				GCC_WARN_UNDECLARED_SELECTOR = YES;
				GCC_WARN_UNINITIALIZED_AUTOS = YES_AGGRESSIVE;
				GCC_WARN_UNUSED_FUNCTION = YES;
				GCC_WARN_UNUSED_VARIABLE = YES;
				IPHONEOS_DEPLOYMENT_TARGET = 15.4;
				MTL_ENABLE_DEBUG_INFO = INCLUDE_SOURCE;
				MTL_FAST_MATH = YES;
				ONLY_ACTIVE_ARCH = YES;
				SDKROOT = iphoneos;
				SWIFT_ACTIVE_COMPILATION_CONDITIONS = DEBUG;
				SWIFT_OPTIMIZATION_LEVEL = "-Onone";
			};
			name = Debug;
		};
		187C6260299A4850009DDBE3 /* Release */ = {
			isa = XCBuildConfiguration;
			buildSettings = {
				ALWAYS_SEARCH_USER_PATHS = NO;
				CLANG_ANALYZER_NONNULL = YES;
				CLANG_ANALYZER_NUMBER_OBJECT_CONVERSION = YES_AGGRESSIVE;
				CLANG_CXX_LANGUAGE_STANDARD = "gnu++17";
				CLANG_ENABLE_MODULES = YES;
				CLANG_ENABLE_OBJC_ARC = YES;
				CLANG_ENABLE_OBJC_WEAK = YES;
				CLANG_WARN_BLOCK_CAPTURE_AUTORELEASING = YES;
				CLANG_WARN_BOOL_CONVERSION = YES;
				CLANG_WARN_COMMA = YES;
				CLANG_WARN_CONSTANT_CONVERSION = YES;
				CLANG_WARN_DEPRECATED_OBJC_IMPLEMENTATIONS = YES;
				CLANG_WARN_DIRECT_OBJC_ISA_USAGE = YES_ERROR;
				CLANG_WARN_DOCUMENTATION_COMMENTS = YES;
				CLANG_WARN_EMPTY_BODY = YES;
				CLANG_WARN_ENUM_CONVERSION = YES;
				CLANG_WARN_INFINITE_RECURSION = YES;
				CLANG_WARN_INT_CONVERSION = YES;
				CLANG_WARN_NON_LITERAL_NULL_CONVERSION = YES;
				CLANG_WARN_OBJC_IMPLICIT_RETAIN_SELF = YES;
				CLANG_WARN_OBJC_LITERAL_CONVERSION = YES;
				CLANG_WARN_OBJC_ROOT_CLASS = YES_ERROR;
				CLANG_WARN_QUOTED_INCLUDE_IN_FRAMEWORK_HEADER = YES;
				CLANG_WARN_RANGE_LOOP_ANALYSIS = YES;
				CLANG_WARN_STRICT_PROTOTYPES = YES;
				CLANG_WARN_SUSPICIOUS_MOVE = YES;
				CLANG_WARN_UNGUARDED_AVAILABILITY = YES_AGGRESSIVE;
				CLANG_WARN_UNREACHABLE_CODE = YES;
				CLANG_WARN__DUPLICATE_METHOD_MATCH = YES;
				COPY_PHASE_STRIP = NO;
				DEBUG_INFORMATION_FORMAT = "dwarf-with-dsym";
				ENABLE_NS_ASSERTIONS = NO;
				ENABLE_STRICT_OBJC_MSGSEND = YES;
				GCC_C_LANGUAGE_STANDARD = gnu11;
				GCC_NO_COMMON_BLOCKS = YES;
				GCC_WARN_64_TO_32_BIT_CONVERSION = YES;
				GCC_WARN_ABOUT_RETURN_TYPE = YES_ERROR;
				GCC_WARN_UNDECLARED_SELECTOR = YES;
				GCC_WARN_UNINITIALIZED_AUTOS = YES_AGGRESSIVE;
				GCC_WARN_UNUSED_FUNCTION = YES;
				GCC_WARN_UNUSED_VARIABLE = YES;
				IPHONEOS_DEPLOYMENT_TARGET = 15.4;
				MTL_ENABLE_DEBUG_INFO = NO;
				MTL_FAST_MATH = YES;
				SDKROOT = iphoneos;
				SWIFT_COMPILATION_MODE = wholemodule;
				SWIFT_OPTIMIZATION_LEVEL = "-O";
				VALIDATE_PRODUCT = YES;
			};
			name = Release;
		};
		187C6262299A4850009DDBE3 /* Debug */ = {
			isa = XCBuildConfiguration;
			buildSettings = {
				ASSETCATALOG_COMPILER_APPICON_NAME = AppIcon;
				ASSETCATALOG_COMPILER_GLOBAL_ACCENT_COLOR_NAME = AccentColor;
				CODE_SIGN_STYLE = Automatic;
				CURRENT_PROJECT_VERSION = 1;
				GENERATE_INFOPLIST_FILE = YES;
				INFOPLIST_FILE = "Udemi build ios app/Info.plist";
				INFOPLIST_KEY_UIApplicationSupportsIndirectInputEvents = YES;
				INFOPLIST_KEY_UILaunchStoryboardName = LaunchScreen;
				INFOPLIST_KEY_UIMainStoryboardFile = Main;
				INFOPLIST_KEY_UISupportedInterfaceOrientations_iPad = "UIInterfaceOrientationPortrait UIInterfaceOrientationPortraitUpsideDown UIInterfaceOrientationLandscapeLeft UIInterfaceOrientationLandscapeRight";
				INFOPLIST_KEY_UISupportedInterfaceOrientations_iPhone = "UIInterfaceOrientationPortrait UIInterfaceOrientationLandscapeLeft UIInterfaceOrientationLandscapeRight";
				LD_RUNPATH_SEARCH_PATHS = (
					"$(inherited)",
					"@executable_path/Frameworks",
				);
				MARKETING_VERSION = 1.0;
				PRODUCT_BUNDLE_IDENTIFIER = "com.mibsoldsdk.Udemi-build-ios-app";
				PRODUCT_NAME = "$(TARGET_NAME)";
				SWIFT_EMIT_LOC_STRINGS = YES;
				SWIFT_VERSION = 5.0;
				TARGETED_DEVICE_FAMILY = "1,2";
			};
			name = Debug;
		};
		187C6263299A4850009DDBE3 /* Release */ = {
			isa = XCBuildConfiguration;
			buildSettings = {
				ASSETCATALOG_COMPILER_APPICON_NAME = AppIcon;
				ASSETCATALOG_COMPILER_GLOBAL_ACCENT_COLOR_NAME = AccentColor;
				CODE_SIGN_STYLE = Automatic;
				CURRENT_PROJECT_VERSION = 1;
				GENERATE_INFOPLIST_FILE = YES;
				INFOPLIST_FILE = "Udemi build ios app/Info.plist";
				INFOPLIST_KEY_UIApplicationSupportsIndirectInputEvents = YES;
				INFOPLIST_KEY_UILaunchStoryboardName = LaunchScreen;
				INFOPLIST_KEY_UIMainStoryboardFile = Main;
				INFOPLIST_KEY_UISupportedInterfaceOrientations_iPad = "UIInterfaceOrientationPortrait UIInterfaceOrientationPortraitUpsideDown UIInterfaceOrientationLandscapeLeft UIInterfaceOrientationLandscapeRight";
				INFOPLIST_KEY_UISupportedInterfaceOrientations_iPhone = "UIInterfaceOrientationPortrait UIInterfaceOrientationLandscapeLeft UIInterfaceOrientationLandscapeRight";
				LD_RUNPATH_SEARCH_PATHS = (
					"$(inherited)",
					"@executable_path/Frameworks",
				);
				MARKETING_VERSION = 1.0;
				PRODUCT_BUNDLE_IDENTIFIER = "com.mibsoldsdk.Udemi-build-ios-app";
				PRODUCT_NAME = "$(TARGET_NAME)";
				SWIFT_EMIT_LOC_STRINGS = YES;
				SWIFT_VERSION = 5.0;
				TARGETED_DEVICE_FAMILY = "1,2";
			};
			name = Release;
		};
/* End XCBuildConfiguration section */

/* Begin XCConfigurationList section */
		187C6248299A484C009DDBE3 /* Build configuration list for PBXProject "Udemi build ios app" */ = {
			isa = XCConfigurationList;
			buildConfigurations = (
				187C625F299A4850009DDBE3 /* Debug */,
				187C6260299A4850009DDBE3 /* Release */,
			);
			defaultConfigurationIsVisible = 0;
			defaultConfigurationName = Release;
		};
		187C6261299A4850009DDBE3 /* Build configuration list for PBXNativeTarget "Udemi build ios app" */ = {
			isa = XCConfigurationList;
			buildConfigurations = (
				187C6262299A4850009DDBE3 /* Debug */,
				187C6263299A4850009DDBE3 /* Release */,
			);
			defaultConfigurationIsVisible = 0;
			defaultConfigurationName = Release;
		};
/* End XCConfigurationList section */
	};
	rootObject = 187C6245299A484C009DDBE3 /* Project object */;
}
